
Microsoft Visual Studio Solution File, Format Version 12.00
# Visual Studio 2013
VisualStudioVersion = 12.0.31101.0
MinimumVisualStudioVersion = 10.0.40219.1
Project("{FAE04EC0-301F-11D3-BF4B-00C04F79EFBC}") = "ASP APP - Basic Files", "ASP APP - Basic Files\ASP APP - Basic Files.csproj", "{017DAFBD-26AE-4F7A-A3F4-4A1557FE6687}"
EndProject
Project("{FAE04EC0-301F-11D3-BF4B-00C04F79EFBC}") = "ASP APP - Class Library", "ASP APP - Class Library\ASP APP - Class Library.csproj", "{39221595-01B4-497A-9FFC-82E2124729A4}"
EndProject
Global
	GlobalSection(SolutionConfigurationPlatforms) = preSolution
		Debug|Any CPU = Debug|Any CPU
		Release|Any CPU = Release|Any CPU
	EndGlobalSection
	GlobalSection(ProjectConfigurationPlatforms) = postSolution
		{017DAFBD-26AE-4F7A-A3F4-4A1557FE6687}.Debug|Any CPU.ActiveCfg = Debug|Any CPU
		{017DAFBD-26AE-4F7A-A3F4-4A1557FE6687}.Debug|Any CPU.Build.0 = Debug|Any CPU
		{017DAFBD-26AE-4F7A-A3F4-4A1557FE6687}.Release|Any CPU.ActiveCfg = Release|Any CPU
		{017DAFBD-26AE-4F7A-A3F4-4A1557FE6687}.Release|Any CPU.Build.0 = Release|Any CPU
		{39221595-01B4-497A-9FFC-82E2124729A4}.Debug|Any CPU.ActiveCfg = Debug|Any CPU
		{39221595-01B4-497A-9FFC-82E2124729A4}.Debug|Any CPU.Build.0 = Debug|Any CPU
		{39221595-01B4-497A-9FFC-82E2124729A4}.Release|Any CPU.ActiveCfg = Release|Any CPU
		{39221595-01B4-497A-9FFC-82E2124729A4}.Release|Any CPU.Build.0 = Release|Any CPU
	EndGlobalSection
	GlobalSection(SolutionProperties) = preSolution
		HideSolutionNode = FALSE
	EndGlobalSection
EndGlobal
